
Microsoft Visual Studio Solution File, Format Version 12.00
# Visual Studio Version 16
VisualStudioVersion = 16.0.29102.190
MinimumVisualStudioVersion = 10.0.40219.1
Project("{9A19103F-16F7-4668-BE54-9A1E7A4F7556}") = "InDoOut Core", "InDoOut Core\InDoOut Core.csproj", "{B8D2B387-5DAF-4006-B20B-62CEDBD9759F}"
EndProject
Project("{9A19103F-16F7-4668-BE54-9A1E7A4F7556}") = "InDoOut Core Tests", "Tests\InDoOut Core Tests\InDoOut Core Tests.csproj", "{DBE6316F-BB3F-4F8C-93E2-762F88E38EDA}"
EndProject
Project("{9A19103F-16F7-4668-BE54-9A1E7A4F7556}") = "InDoOut Testing", "InDoOut Testing\InDoOut Testing.csproj", "{CDE01410-4B74-415D-B332-669C18D26604}"
EndProject
Project("{9A19103F-16F7-4668-BE54-9A1E7A4F7556}") = "InDoOut Testing Tests", "InDoOut Testing Tests\InDoOut Testing Tests.csproj", "{51665670-2EFC-49CF-8B44-25753657999F}"
EndProject
Project("{9A19103F-16F7-4668-BE54-9A1E7A4F7556}") = "InDoOut Desktop", "InDoOut Desktop\InDoOut Desktop.csproj", "{78EDAFEE-8406-415F-92AA-C56E7AC393AE}"
	ProjectSection(ProjectDependencies) = postProject
		{0B8B9934-3D55-4C33-A5F2-6ED30CF555B6} = {0B8B9934-3D55-4C33-A5F2-6ED30CF555B6}
		{FAAB5E4D-27AC-4D45-BAD6-901329DC6550} = {FAAB5E4D-27AC-4D45-BAD6-901329DC6550}
		{0F10D392-1FF8-46AA-BB2C-964BFDB21EE5} = {0F10D392-1FF8-46AA-BB2C-964BFDB21EE5}
		{34094C98-3F86-4D4C-BB02-79122F2292C8} = {34094C98-3F86-4D4C-BB02-79122F2292C8}
		{ACC6E2C0-2CA9-4553-A6E5-7EA06C01F0B4} = {ACC6E2C0-2CA9-4553-A6E5-7EA06C01F0B4}
		{C5FE2BC2-B730-4D75-83FB-8349EB69C2D2} = {C5FE2BC2-B730-4D75-83FB-8349EB69C2D2}
		{672311F6-B129-466E-A636-0B46B9B8A875} = {672311F6-B129-466E-A636-0B46B9B8A875}
		{A7774EFF-E5D9-438D-8C30-AF41B6CE1AD7} = {A7774EFF-E5D9-438D-8C30-AF41B6CE1AD7}
	EndProjectSection
EndProject
Project("{9A19103F-16F7-4668-BE54-9A1E7A4F7556}") = "InDoOut Desktop API", "InDoOut Desktop API\InDoOut Desktop API.csproj", "{4DD75B5A-8B9C-48D1-8C24-20DEBD36E40C}"
EndProject
Project("{9A19103F-16F7-4668-BE54-9A1E7A4F7556}") = "InDoOut Desktop API Tests", "InDoOut Desktop API Tests\InDoOut Desktop API Tests.csproj", "{144C492B-E3F9-40FF-BCE4-19BDCC7A50D2}"
EndProject
Project("{9A19103F-16F7-4668-BE54-9A1E7A4F7556}") = "InDoOut Desktop Tests", "InDoOut Desktop Tests\InDoOut Desktop Tests.csproj", "{AB730D68-DD2F-42DC-A00B-9C21CCAF3A44}"
EndProject
Project("{9A19103F-16F7-4668-BE54-9A1E7A4F7556}") = "InDoOut Plugins Core", "InDoOut Plugins\InDoOut Plugins Core.csproj", "{2DC628DA-5E8D-4273-A8C3-762D0EFF34C3}"
EndProject
Project("{9A19103F-16F7-4668-BE54-9A1E7A4F7556}") = "InDoOut Plugins Tests", "InDoOut Plugins Tests\InDoOut Plugins Tests.csproj", "{3E8B44DE-E327-43CA-90D0-78E8713D5050}"
EndProject
Project("{2150E333-8FDC-42A3-9474-1A3956D46DE8}") = "Tests", "Tests", "{35AA056B-5916-4FAB-9AC3-8980073344A1}"
EndProject
Project("{2150E333-8FDC-42A3-9474-1A3956D46DE8}") = "Plugins", "Plugins", "{A2C2065D-5196-444C-AB02-6542228C96AE}"
EndProject
Project("{2150E333-8FDC-42A3-9474-1A3956D46DE8}") = "Tests", "Tests", "{1B6306B2-48B6-452C-B0CA-3355324B81C6}"
EndProject
Project("{9A19103F-16F7-4668-BE54-9A1E7A4F7556}") = "InDoOut Core Plugins", "InDoOut Core Plugins\InDoOut Core Plugins.csproj", "{34094C98-3F86-4D4C-BB02-79122F2292C8}"
EndProject
Project("{9A19103F-16F7-4668-BE54-9A1E7A4F7556}") = "InDoOut Debug Plugins", "InDoOut Debug Plugins\InDoOut Debug Plugins.csproj", "{C5FE2BC2-B730-4D75-83FB-8349EB69C2D2}"
EndProject
Project("{9A19103F-16F7-4668-BE54-9A1E7A4F7556}") = "InDoOut Core Plugins Tests", "InDoOut Core Plugins Tests\InDoOut Core Plugins Tests.csproj", "{52747E00-7ECA-4959-B79E-1A7B5B732760}"
EndProject
Project("{9A19103F-16F7-4668-BE54-9A1E7A4F7556}") = "InDoOut Console", "InDoOut Console\InDoOut Console.csproj", "{90DBE372-2216-4869-BBBC-AAD8EDADC859}"
	ProjectSection(ProjectDependencies) = postProject
		{0B8B9934-3D55-4C33-A5F2-6ED30CF555B6} = {0B8B9934-3D55-4C33-A5F2-6ED30CF555B6}
		{FAAB5E4D-27AC-4D45-BAD6-901329DC6550} = {FAAB5E4D-27AC-4D45-BAD6-901329DC6550}
		{0F10D392-1FF8-46AA-BB2C-964BFDB21EE5} = {0F10D392-1FF8-46AA-BB2C-964BFDB21EE5}
		{34094C98-3F86-4D4C-BB02-79122F2292C8} = {34094C98-3F86-4D4C-BB02-79122F2292C8}
		{ACC6E2C0-2CA9-4553-A6E5-7EA06C01F0B4} = {ACC6E2C0-2CA9-4553-A6E5-7EA06C01F0B4}
		{C5FE2BC2-B730-4D75-83FB-8349EB69C2D2} = {C5FE2BC2-B730-4D75-83FB-8349EB69C2D2}
		{672311F6-B129-466E-A636-0B46B9B8A875} = {672311F6-B129-466E-A636-0B46B9B8A875}
		{A7774EFF-E5D9-438D-8C30-AF41B6CE1AD7} = {A7774EFF-E5D9-438D-8C30-AF41B6CE1AD7}
	EndProjectSection
EndProject
Project("{9A19103F-16F7-4668-BE54-9A1E7A4F7556}") = "InDoOut Json Storage", "InDoOut Json Storage\InDoOut Json Storage.csproj", "{AB91D5B3-10D8-49CA-9BE4-B945708C6BFB}"
EndProject
Project("{9A19103F-16F7-4668-BE54-9A1E7A4F7556}") = "InDoOut Json Storage Tests", "InDoOut Json Storage Tests\InDoOut Json Storage Tests.csproj", "{4FFEA626-A3F1-4F24-9179-876513ECDE8B}"
EndProject
Project("{9A19103F-16F7-4668-BE54-9A1E7A4F7556}") = "InDoOut Executable Core", "InDoOut Executable Core\InDoOut Executable Core.csproj", "{3DA7E198-8490-478D-B099-6B825C151DFF}"
EndProject
Project("{9A19103F-16F7-4668-BE54-9A1E7A4F7556}") = "InDoOut Executable Core Tests", "InDoOut Executable Core Tests\InDoOut Executable Core Tests.csproj", "{3B17B400-CCBD-4C21-980A-7FA36FFA7F28}"
EndProject
Project("{9A19103F-16F7-4668-BE54-9A1E7A4F7556}") = "InDoOut GPIO Plugins", "InDoOut GPIO Plugins\InDoOut GPIO Plugins.csproj", "{672311F6-B129-466E-A636-0B46B9B8A875}"
EndProject
Project("{9A19103F-16F7-4668-BE54-9A1E7A4F7556}") = "InDoOut Philips Hue Plugins", "InDoOut Philips Hue Plugins\InDoOut Philips Hue Plugins.csproj", "{ACC6E2C0-2CA9-4553-A6E5-7EA06C01F0B4}"
EndProject
Project("{9A19103F-16F7-4668-BE54-9A1E7A4F7556}") = "InDoOut Application Plugins", "InDoOut Application Plugins\InDoOut Application Plugins.csproj", "{0B8B9934-3D55-4C33-A5F2-6ED30CF555B6}"
EndProject
Project("{9A19103F-16F7-4668-BE54-9A1E7A4F7556}") = "InDoOut Data Plugins", "InDoOut Data Plugins\InDoOut Data Plugins.csproj", "{FAAB5E4D-27AC-4D45-BAD6-901329DC6550}"
EndProject
Project("{9A19103F-16F7-4668-BE54-9A1E7A4F7556}") = "InDoOut BlinkStick Plugins", "InDoOut BlinkStick Plugins\InDoOut BlinkStick Plugins.csproj", "{A7774EFF-E5D9-438D-8C30-AF41B6CE1AD7}"
EndProject
Project("{9A19103F-16F7-4668-BE54-9A1E7A4F7556}") = "InDoOut Conversion Plugins", "InDoOut Conversion Plugins\InDoOut Conversion Plugins.csproj", "{0F10D392-1FF8-46AA-BB2C-964BFDB21EE5}"
EndProject
Project("{9A19103F-16F7-4668-BE54-9A1E7A4F7556}") = "InDoOut Display", "InDoOut Display\InDoOut Display.csproj", "{891CACF0-BFFC-418E-A48F-381DC8BB9EC9}"
	ProjectSection(ProjectDependencies) = postProject
		{E6FA78A2-BDA4-4190-BDCC-1D328C020F2C} = {E6FA78A2-BDA4-4190-BDCC-1D328C020F2C}
	EndProjectSection
EndProject
Project("{2150E333-8FDC-42A3-9474-1A3956D46DE8}") = "Applications", "Applications", "{5BF25E21-75F2-48BB-8E34-C1ED2B7D69FA}"
EndProject
Project("{9A19103F-16F7-4668-BE54-9A1E7A4F7556}") = "InDoOut UI Common", "InDoOut UI Common\InDoOut UI Common.csproj", "{6AEB1ACC-ED96-43FA-865B-9B00E0D55802}"
EndProject
Project("{9A19103F-16F7-4668-BE54-9A1E7A4F7556}") = "InDoOut Function Plugins", "InDoOut Function Plugins\InDoOut Function Plugins.csproj", "{671114D7-F15E-4E9E-AED1-46FD5387E3F6}"
EndProject
Project("{9A19103F-16F7-4668-BE54-9A1E7A4F7556}") = "InDoOut Display Plugins", "InDoOut Display Plugins\InDoOut Display Plugins.csproj", "{3A135DB4-D1FE-4FD1-A2F7-2F4F37269298}"
EndProject
Project("{9A19103F-16F7-4668-BE54-9A1E7A4F7556}") = "InDoOut Display Core", "InDoOut Display Core\InDoOut Display Core.csproj", "{638B0EDB-C2CA-4ACA-B4FB-FEBD55C1B073}"
EndProject
Project("{2150E333-8FDC-42A3-9474-1A3956D46DE8}") = "InDoOut", "InDoOut", "{1FC15472-395B-460A-AE68-B4755A9F0593}"
EndProject
Project("{2150E333-8FDC-42A3-9474-1A3956D46DE8}") = "InDoOut Display", "InDoOut Display", "{E91AE96F-B15B-41F8-9D86-4DC0B00907C4}"
EndProject
Project("{9A19103F-16F7-4668-BE54-9A1E7A4F7556}") = "InDoOut Display Basic Plugins", "InDoOut Display Basic Plugins\InDoOut Display Basic Plugins.csproj", "{E6FA78A2-BDA4-4190-BDCC-1D328C020F2C}"
EndProject
Project("{9A19103F-16F7-4668-BE54-9A1E7A4F7556}") = "InDoOut Display Json Storage", "InDoOut Display Json Storage\InDoOut Display Json Storage.csproj", "{0CCD3098-28FE-4B8E-BA00-C178DA3322F3}"
EndProject
Project("{9A19103F-16F7-4668-BE54-9A1E7A4F7556}") = "InDoOut Application Plugins Tests", "InDoOut Application Plugins Tests\InDoOut Application Plugins Tests.csproj", "{E052D25F-D45B-4CC1-A6E8-673CDB4C9DBA}"
EndProject
Global
	GlobalSection(SolutionConfigurationPlatforms) = preSolution
		Debug|Any CPU = Debug|Any CPU
		Debug|x86 = Debug|x86
		Release|Any CPU = Release|Any CPU
		Release|x86 = Release|x86
	EndGlobalSection
	GlobalSection(ProjectConfigurationPlatforms) = postSolution
		{B8D2B387-5DAF-4006-B20B-62CEDBD9759F}.Debug|Any CPU.ActiveCfg = Debug|Any CPU
		{B8D2B387-5DAF-4006-B20B-62CEDBD9759F}.Debug|Any CPU.Build.0 = Debug|Any CPU
		{B8D2B387-5DAF-4006-B20B-62CEDBD9759F}.Debug|x86.ActiveCfg = Debug|Any CPU
		{B8D2B387-5DAF-4006-B20B-62CEDBD9759F}.Debug|x86.Build.0 = Debug|Any CPU
		{B8D2B387-5DAF-4006-B20B-62CEDBD9759F}.Release|Any CPU.ActiveCfg = Release|Any CPU
		{B8D2B387-5DAF-4006-B20B-62CEDBD9759F}.Release|Any CPU.Build.0 = Release|Any CPU
		{B8D2B387-5DAF-4006-B20B-62CEDBD9759F}.Release|x86.ActiveCfg = Release|Any CPU
		{B8D2B387-5DAF-4006-B20B-62CEDBD9759F}.Release|x86.Build.0 = Release|Any CPU
		{DBE6316F-BB3F-4F8C-93E2-762F88E38EDA}.Debug|Any CPU.ActiveCfg = Debug|Any CPU
		{DBE6316F-BB3F-4F8C-93E2-762F88E38EDA}.Debug|Any CPU.Build.0 = Debug|Any CPU
		{DBE6316F-BB3F-4F8C-93E2-762F88E38EDA}.Debug|x86.ActiveCfg = Debug|Any CPU
		{DBE6316F-BB3F-4F8C-93E2-762F88E38EDA}.Debug|x86.Build.0 = Debug|Any CPU
		{DBE6316F-BB3F-4F8C-93E2-762F88E38EDA}.Release|Any CPU.ActiveCfg = Release|Any CPU
		{DBE6316F-BB3F-4F8C-93E2-762F88E38EDA}.Release|Any CPU.Build.0 = Release|Any CPU
		{DBE6316F-BB3F-4F8C-93E2-762F88E38EDA}.Release|x86.ActiveCfg = Release|Any CPU
		{DBE6316F-BB3F-4F8C-93E2-762F88E38EDA}.Release|x86.Build.0 = Release|Any CPU
		{CDE01410-4B74-415D-B332-669C18D26604}.Debug|Any CPU.ActiveCfg = Debug|Any CPU
		{CDE01410-4B74-415D-B332-669C18D26604}.Debug|Any CPU.Build.0 = Debug|Any CPU
		{CDE01410-4B74-415D-B332-669C18D26604}.Debug|x86.ActiveCfg = Debug|Any CPU
		{CDE01410-4B74-415D-B332-669C18D26604}.Debug|x86.Build.0 = Debug|Any CPU
		{CDE01410-4B74-415D-B332-669C18D26604}.Release|Any CPU.ActiveCfg = Release|Any CPU
		{CDE01410-4B74-415D-B332-669C18D26604}.Release|Any CPU.Build.0 = Release|Any CPU
		{CDE01410-4B74-415D-B332-669C18D26604}.Release|x86.ActiveCfg = Release|Any CPU
		{CDE01410-4B74-415D-B332-669C18D26604}.Release|x86.Build.0 = Release|Any CPU
		{51665670-2EFC-49CF-8B44-25753657999F}.Debug|Any CPU.ActiveCfg = Debug|Any CPU
		{51665670-2EFC-49CF-8B44-25753657999F}.Debug|Any CPU.Build.0 = Debug|Any CPU
		{51665670-2EFC-49CF-8B44-25753657999F}.Debug|x86.ActiveCfg = Debug|Any CPU
		{51665670-2EFC-49CF-8B44-25753657999F}.Debug|x86.Build.0 = Debug|Any CPU
		{51665670-2EFC-49CF-8B44-25753657999F}.Release|Any CPU.ActiveCfg = Release|Any CPU
		{51665670-2EFC-49CF-8B44-25753657999F}.Release|Any CPU.Build.0 = Release|Any CPU
		{51665670-2EFC-49CF-8B44-25753657999F}.Release|x86.ActiveCfg = Release|Any CPU
		{51665670-2EFC-49CF-8B44-25753657999F}.Release|x86.Build.0 = Release|Any CPU
		{78EDAFEE-8406-415F-92AA-C56E7AC393AE}.Debug|Any CPU.ActiveCfg = Debug|Any CPU
		{78EDAFEE-8406-415F-92AA-C56E7AC393AE}.Debug|Any CPU.Build.0 = Debug|Any CPU
		{78EDAFEE-8406-415F-92AA-C56E7AC393AE}.Debug|x86.ActiveCfg = Debug|Any CPU
		{78EDAFEE-8406-415F-92AA-C56E7AC393AE}.Debug|x86.Build.0 = Debug|Any CPU
		{78EDAFEE-8406-415F-92AA-C56E7AC393AE}.Release|Any CPU.ActiveCfg = Release|Any CPU
		{78EDAFEE-8406-415F-92AA-C56E7AC393AE}.Release|Any CPU.Build.0 = Release|Any CPU
		{78EDAFEE-8406-415F-92AA-C56E7AC393AE}.Release|x86.ActiveCfg = Release|Any CPU
		{78EDAFEE-8406-415F-92AA-C56E7AC393AE}.Release|x86.Build.0 = Release|Any CPU
		{4DD75B5A-8B9C-48D1-8C24-20DEBD36E40C}.Debug|Any CPU.ActiveCfg = Debug|Any CPU
		{4DD75B5A-8B9C-48D1-8C24-20DEBD36E40C}.Debug|Any CPU.Build.0 = Debug|Any CPU
		{4DD75B5A-8B9C-48D1-8C24-20DEBD36E40C}.Debug|x86.ActiveCfg = Debug|Any CPU
		{4DD75B5A-8B9C-48D1-8C24-20DEBD36E40C}.Debug|x86.Build.0 = Debug|Any CPU
		{4DD75B5A-8B9C-48D1-8C24-20DEBD36E40C}.Release|Any CPU.ActiveCfg = Release|Any CPU
		{4DD75B5A-8B9C-48D1-8C24-20DEBD36E40C}.Release|Any CPU.Build.0 = Release|Any CPU
		{4DD75B5A-8B9C-48D1-8C24-20DEBD36E40C}.Release|x86.ActiveCfg = Release|Any CPU
		{4DD75B5A-8B9C-48D1-8C24-20DEBD36E40C}.Release|x86.Build.0 = Release|Any CPU
		{144C492B-E3F9-40FF-BCE4-19BDCC7A50D2}.Debug|Any CPU.ActiveCfg = Debug|Any CPU
		{144C492B-E3F9-40FF-BCE4-19BDCC7A50D2}.Debug|Any CPU.Build.0 = Debug|Any CPU
		{144C492B-E3F9-40FF-BCE4-19BDCC7A50D2}.Debug|x86.ActiveCfg = Debug|Any CPU
		{144C492B-E3F9-40FF-BCE4-19BDCC7A50D2}.Debug|x86.Build.0 = Debug|Any CPU
		{144C492B-E3F9-40FF-BCE4-19BDCC7A50D2}.Release|Any CPU.ActiveCfg = Release|Any CPU
		{144C492B-E3F9-40FF-BCE4-19BDCC7A50D2}.Release|Any CPU.Build.0 = Release|Any CPU
		{144C492B-E3F9-40FF-BCE4-19BDCC7A50D2}.Release|x86.ActiveCfg = Release|Any CPU
		{144C492B-E3F9-40FF-BCE4-19BDCC7A50D2}.Release|x86.Build.0 = Release|Any CPU
		{AB730D68-DD2F-42DC-A00B-9C21CCAF3A44}.Debug|Any CPU.ActiveCfg = Debug|Any CPU
		{AB730D68-DD2F-42DC-A00B-9C21CCAF3A44}.Debug|Any CPU.Build.0 = Debug|Any CPU
		{AB730D68-DD2F-42DC-A00B-9C21CCAF3A44}.Debug|x86.ActiveCfg = Debug|Any CPU
		{AB730D68-DD2F-42DC-A00B-9C21CCAF3A44}.Debug|x86.Build.0 = Debug|Any CPU
		{AB730D68-DD2F-42DC-A00B-9C21CCAF3A44}.Release|Any CPU.ActiveCfg = Release|Any CPU
		{AB730D68-DD2F-42DC-A00B-9C21CCAF3A44}.Release|Any CPU.Build.0 = Release|Any CPU
		{AB730D68-DD2F-42DC-A00B-9C21CCAF3A44}.Release|x86.ActiveCfg = Release|Any CPU
		{AB730D68-DD2F-42DC-A00B-9C21CCAF3A44}.Release|x86.Build.0 = Release|Any CPU
		{2DC628DA-5E8D-4273-A8C3-762D0EFF34C3}.Debug|Any CPU.ActiveCfg = Debug|Any CPU
		{2DC628DA-5E8D-4273-A8C3-762D0EFF34C3}.Debug|Any CPU.Build.0 = Debug|Any CPU
		{2DC628DA-5E8D-4273-A8C3-762D0EFF34C3}.Debug|x86.ActiveCfg = Debug|Any CPU
		{2DC628DA-5E8D-4273-A8C3-762D0EFF34C3}.Debug|x86.Build.0 = Debug|Any CPU
		{2DC628DA-5E8D-4273-A8C3-762D0EFF34C3}.Release|Any CPU.ActiveCfg = Release|Any CPU
		{2DC628DA-5E8D-4273-A8C3-762D0EFF34C3}.Release|Any CPU.Build.0 = Release|Any CPU
		{2DC628DA-5E8D-4273-A8C3-762D0EFF34C3}.Release|x86.ActiveCfg = Release|Any CPU
		{2DC628DA-5E8D-4273-A8C3-762D0EFF34C3}.Release|x86.Build.0 = Release|Any CPU
		{3E8B44DE-E327-43CA-90D0-78E8713D5050}.Debug|Any CPU.ActiveCfg = Debug|Any CPU
		{3E8B44DE-E327-43CA-90D0-78E8713D5050}.Debug|Any CPU.Build.0 = Debug|Any CPU
		{3E8B44DE-E327-43CA-90D0-78E8713D5050}.Debug|x86.ActiveCfg = Debug|Any CPU
		{3E8B44DE-E327-43CA-90D0-78E8713D5050}.Debug|x86.Build.0 = Debug|Any CPU
		{3E8B44DE-E327-43CA-90D0-78E8713D5050}.Release|Any CPU.ActiveCfg = Release|Any CPU
		{3E8B44DE-E327-43CA-90D0-78E8713D5050}.Release|Any CPU.Build.0 = Release|Any CPU
		{3E8B44DE-E327-43CA-90D0-78E8713D5050}.Release|x86.ActiveCfg = Release|Any CPU
		{3E8B44DE-E327-43CA-90D0-78E8713D5050}.Release|x86.Build.0 = Release|Any CPU
		{34094C98-3F86-4D4C-BB02-79122F2292C8}.Debug|Any CPU.ActiveCfg = Debug|Any CPU
		{34094C98-3F86-4D4C-BB02-79122F2292C8}.Debug|Any CPU.Build.0 = Debug|Any CPU
		{34094C98-3F86-4D4C-BB02-79122F2292C8}.Debug|x86.ActiveCfg = Debug|Any CPU
		{34094C98-3F86-4D4C-BB02-79122F2292C8}.Debug|x86.Build.0 = Debug|Any CPU
		{34094C98-3F86-4D4C-BB02-79122F2292C8}.Release|Any CPU.ActiveCfg = Release|Any CPU
		{34094C98-3F86-4D4C-BB02-79122F2292C8}.Release|Any CPU.Build.0 = Release|Any CPU
		{34094C98-3F86-4D4C-BB02-79122F2292C8}.Release|x86.ActiveCfg = Release|Any CPU
		{34094C98-3F86-4D4C-BB02-79122F2292C8}.Release|x86.Build.0 = Release|Any CPU
		{C5FE2BC2-B730-4D75-83FB-8349EB69C2D2}.Debug|Any CPU.ActiveCfg = Debug|Any CPU
		{C5FE2BC2-B730-4D75-83FB-8349EB69C2D2}.Debug|Any CPU.Build.0 = Debug|Any CPU
		{C5FE2BC2-B730-4D75-83FB-8349EB69C2D2}.Debug|x86.ActiveCfg = Debug|Any CPU
		{C5FE2BC2-B730-4D75-83FB-8349EB69C2D2}.Debug|x86.Build.0 = Debug|Any CPU
		{C5FE2BC2-B730-4D75-83FB-8349EB69C2D2}.Release|Any CPU.ActiveCfg = Release|Any CPU
		{C5FE2BC2-B730-4D75-83FB-8349EB69C2D2}.Release|Any CPU.Build.0 = Release|Any CPU
		{C5FE2BC2-B730-4D75-83FB-8349EB69C2D2}.Release|x86.ActiveCfg = Release|Any CPU
		{C5FE2BC2-B730-4D75-83FB-8349EB69C2D2}.Release|x86.Build.0 = Release|Any CPU
		{52747E00-7ECA-4959-B79E-1A7B5B732760}.Debug|Any CPU.ActiveCfg = Debug|Any CPU
		{52747E00-7ECA-4959-B79E-1A7B5B732760}.Debug|Any CPU.Build.0 = Debug|Any CPU
		{52747E00-7ECA-4959-B79E-1A7B5B732760}.Debug|x86.ActiveCfg = Debug|Any CPU
		{52747E00-7ECA-4959-B79E-1A7B5B732760}.Debug|x86.Build.0 = Debug|Any CPU
		{52747E00-7ECA-4959-B79E-1A7B5B732760}.Release|Any CPU.ActiveCfg = Release|Any CPU
		{52747E00-7ECA-4959-B79E-1A7B5B732760}.Release|Any CPU.Build.0 = Release|Any CPU
		{52747E00-7ECA-4959-B79E-1A7B5B732760}.Release|x86.ActiveCfg = Release|Any CPU
		{52747E00-7ECA-4959-B79E-1A7B5B732760}.Release|x86.Build.0 = Release|Any CPU
		{90DBE372-2216-4869-BBBC-AAD8EDADC859}.Debug|Any CPU.ActiveCfg = Debug|Any CPU
		{90DBE372-2216-4869-BBBC-AAD8EDADC859}.Debug|Any CPU.Build.0 = Debug|Any CPU
		{90DBE372-2216-4869-BBBC-AAD8EDADC859}.Debug|x86.ActiveCfg = Debug|Any CPU
		{90DBE372-2216-4869-BBBC-AAD8EDADC859}.Debug|x86.Build.0 = Debug|Any CPU
		{90DBE372-2216-4869-BBBC-AAD8EDADC859}.Release|Any CPU.ActiveCfg = Release|Any CPU
		{90DBE372-2216-4869-BBBC-AAD8EDADC859}.Release|Any CPU.Build.0 = Release|Any CPU
		{90DBE372-2216-4869-BBBC-AAD8EDADC859}.Release|x86.ActiveCfg = Release|Any CPU
		{90DBE372-2216-4869-BBBC-AAD8EDADC859}.Release|x86.Build.0 = Release|Any CPU
		{AB91D5B3-10D8-49CA-9BE4-B945708C6BFB}.Debug|Any CPU.ActiveCfg = Debug|Any CPU
		{AB91D5B3-10D8-49CA-9BE4-B945708C6BFB}.Debug|Any CPU.Build.0 = Debug|Any CPU
		{AB91D5B3-10D8-49CA-9BE4-B945708C6BFB}.Debug|x86.ActiveCfg = Debug|Any CPU
		{AB91D5B3-10D8-49CA-9BE4-B945708C6BFB}.Debug|x86.Build.0 = Debug|Any CPU
		{AB91D5B3-10D8-49CA-9BE4-B945708C6BFB}.Release|Any CPU.ActiveCfg = Release|Any CPU
		{AB91D5B3-10D8-49CA-9BE4-B945708C6BFB}.Release|Any CPU.Build.0 = Release|Any CPU
		{AB91D5B3-10D8-49CA-9BE4-B945708C6BFB}.Release|x86.ActiveCfg = Release|Any CPU
		{AB91D5B3-10D8-49CA-9BE4-B945708C6BFB}.Release|x86.Build.0 = Release|Any CPU
		{4FFEA626-A3F1-4F24-9179-876513ECDE8B}.Debug|Any CPU.ActiveCfg = Debug|Any CPU
		{4FFEA626-A3F1-4F24-9179-876513ECDE8B}.Debug|Any CPU.Build.0 = Debug|Any CPU
		{4FFEA626-A3F1-4F24-9179-876513ECDE8B}.Debug|x86.ActiveCfg = Debug|Any CPU
		{4FFEA626-A3F1-4F24-9179-876513ECDE8B}.Debug|x86.Build.0 = Debug|Any CPU
		{4FFEA626-A3F1-4F24-9179-876513ECDE8B}.Release|Any CPU.ActiveCfg = Release|Any CPU
		{4FFEA626-A3F1-4F24-9179-876513ECDE8B}.Release|Any CPU.Build.0 = Release|Any CPU
		{4FFEA626-A3F1-4F24-9179-876513ECDE8B}.Release|x86.ActiveCfg = Release|Any CPU
		{4FFEA626-A3F1-4F24-9179-876513ECDE8B}.Release|x86.Build.0 = Release|Any CPU
		{3DA7E198-8490-478D-B099-6B825C151DFF}.Debug|Any CPU.ActiveCfg = Debug|Any CPU
		{3DA7E198-8490-478D-B099-6B825C151DFF}.Debug|Any CPU.Build.0 = Debug|Any CPU
		{3DA7E198-8490-478D-B099-6B825C151DFF}.Debug|x86.ActiveCfg = Debug|Any CPU
		{3DA7E198-8490-478D-B099-6B825C151DFF}.Debug|x86.Build.0 = Debug|Any CPU
		{3DA7E198-8490-478D-B099-6B825C151DFF}.Release|Any CPU.ActiveCfg = Release|Any CPU
		{3DA7E198-8490-478D-B099-6B825C151DFF}.Release|Any CPU.Build.0 = Release|Any CPU
		{3DA7E198-8490-478D-B099-6B825C151DFF}.Release|x86.ActiveCfg = Release|Any CPU
		{3DA7E198-8490-478D-B099-6B825C151DFF}.Release|x86.Build.0 = Release|Any CPU
		{3B17B400-CCBD-4C21-980A-7FA36FFA7F28}.Debug|Any CPU.ActiveCfg = Debug|Any CPU
		{3B17B400-CCBD-4C21-980A-7FA36FFA7F28}.Debug|Any CPU.Build.0 = Debug|Any CPU
		{3B17B400-CCBD-4C21-980A-7FA36FFA7F28}.Debug|x86.ActiveCfg = Debug|Any CPU
		{3B17B400-CCBD-4C21-980A-7FA36FFA7F28}.Debug|x86.Build.0 = Debug|Any CPU
		{3B17B400-CCBD-4C21-980A-7FA36FFA7F28}.Release|Any CPU.ActiveCfg = Release|Any CPU
		{3B17B400-CCBD-4C21-980A-7FA36FFA7F28}.Release|Any CPU.Build.0 = Release|Any CPU
		{3B17B400-CCBD-4C21-980A-7FA36FFA7F28}.Release|x86.ActiveCfg = Release|Any CPU
		{3B17B400-CCBD-4C21-980A-7FA36FFA7F28}.Release|x86.Build.0 = Release|Any CPU
		{672311F6-B129-466E-A636-0B46B9B8A875}.Debug|Any CPU.ActiveCfg = Debug|Any CPU
		{672311F6-B129-466E-A636-0B46B9B8A875}.Debug|Any CPU.Build.0 = Debug|Any CPU
		{672311F6-B129-466E-A636-0B46B9B8A875}.Debug|x86.ActiveCfg = Debug|Any CPU
		{672311F6-B129-466E-A636-0B46B9B8A875}.Debug|x86.Build.0 = Debug|Any CPU
		{672311F6-B129-466E-A636-0B46B9B8A875}.Release|Any CPU.ActiveCfg = Release|Any CPU
		{672311F6-B129-466E-A636-0B46B9B8A875}.Release|Any CPU.Build.0 = Release|Any CPU
		{672311F6-B129-466E-A636-0B46B9B8A875}.Release|x86.ActiveCfg = Release|Any CPU
		{672311F6-B129-466E-A636-0B46B9B8A875}.Release|x86.Build.0 = Release|Any CPU
		{ACC6E2C0-2CA9-4553-A6E5-7EA06C01F0B4}.Debug|Any CPU.ActiveCfg = Debug|Any CPU
		{ACC6E2C0-2CA9-4553-A6E5-7EA06C01F0B4}.Debug|Any CPU.Build.0 = Debug|Any CPU
		{ACC6E2C0-2CA9-4553-A6E5-7EA06C01F0B4}.Debug|x86.ActiveCfg = Debug|Any CPU
		{ACC6E2C0-2CA9-4553-A6E5-7EA06C01F0B4}.Debug|x86.Build.0 = Debug|Any CPU
		{ACC6E2C0-2CA9-4553-A6E5-7EA06C01F0B4}.Release|Any CPU.ActiveCfg = Release|Any CPU
		{ACC6E2C0-2CA9-4553-A6E5-7EA06C01F0B4}.Release|Any CPU.Build.0 = Release|Any CPU
		{ACC6E2C0-2CA9-4553-A6E5-7EA06C01F0B4}.Release|x86.ActiveCfg = Release|Any CPU
		{ACC6E2C0-2CA9-4553-A6E5-7EA06C01F0B4}.Release|x86.Build.0 = Release|Any CPU
		{0B8B9934-3D55-4C33-A5F2-6ED30CF555B6}.Debug|Any CPU.ActiveCfg = Debug|Any CPU
		{0B8B9934-3D55-4C33-A5F2-6ED30CF555B6}.Debug|Any CPU.Build.0 = Debug|Any CPU
		{0B8B9934-3D55-4C33-A5F2-6ED30CF555B6}.Debug|x86.ActiveCfg = Debug|Any CPU
		{0B8B9934-3D55-4C33-A5F2-6ED30CF555B6}.Debug|x86.Build.0 = Debug|Any CPU
		{0B8B9934-3D55-4C33-A5F2-6ED30CF555B6}.Release|Any CPU.ActiveCfg = Release|Any CPU
		{0B8B9934-3D55-4C33-A5F2-6ED30CF555B6}.Release|Any CPU.Build.0 = Release|Any CPU
		{0B8B9934-3D55-4C33-A5F2-6ED30CF555B6}.Release|x86.ActiveCfg = Release|Any CPU
		{0B8B9934-3D55-4C33-A5F2-6ED30CF555B6}.Release|x86.Build.0 = Release|Any CPU
		{FAAB5E4D-27AC-4D45-BAD6-901329DC6550}.Debug|Any CPU.ActiveCfg = Debug|Any CPU
		{FAAB5E4D-27AC-4D45-BAD6-901329DC6550}.Debug|Any CPU.Build.0 = Debug|Any CPU
		{FAAB5E4D-27AC-4D45-BAD6-901329DC6550}.Debug|x86.ActiveCfg = Debug|Any CPU
		{FAAB5E4D-27AC-4D45-BAD6-901329DC6550}.Debug|x86.Build.0 = Debug|Any CPU
		{FAAB5E4D-27AC-4D45-BAD6-901329DC6550}.Release|Any CPU.ActiveCfg = Release|Any CPU
		{FAAB5E4D-27AC-4D45-BAD6-901329DC6550}.Release|Any CPU.Build.0 = Release|Any CPU
		{FAAB5E4D-27AC-4D45-BAD6-901329DC6550}.Release|x86.ActiveCfg = Release|Any CPU
		{FAAB5E4D-27AC-4D45-BAD6-901329DC6550}.Release|x86.Build.0 = Release|Any CPU
		{A7774EFF-E5D9-438D-8C30-AF41B6CE1AD7}.Debug|Any CPU.ActiveCfg = Debug|Any CPU
		{A7774EFF-E5D9-438D-8C30-AF41B6CE1AD7}.Debug|Any CPU.Build.0 = Debug|Any CPU
		{A7774EFF-E5D9-438D-8C30-AF41B6CE1AD7}.Debug|x86.ActiveCfg = Debug|Any CPU
		{A7774EFF-E5D9-438D-8C30-AF41B6CE1AD7}.Debug|x86.Build.0 = Debug|Any CPU
		{A7774EFF-E5D9-438D-8C30-AF41B6CE1AD7}.Release|Any CPU.ActiveCfg = Release|Any CPU
		{A7774EFF-E5D9-438D-8C30-AF41B6CE1AD7}.Release|Any CPU.Build.0 = Release|Any CPU
		{A7774EFF-E5D9-438D-8C30-AF41B6CE1AD7}.Release|x86.ActiveCfg = Release|Any CPU
		{A7774EFF-E5D9-438D-8C30-AF41B6CE1AD7}.Release|x86.Build.0 = Release|Any CPU
		{0F10D392-1FF8-46AA-BB2C-964BFDB21EE5}.Debug|Any CPU.ActiveCfg = Debug|Any CPU
		{0F10D392-1FF8-46AA-BB2C-964BFDB21EE5}.Debug|Any CPU.Build.0 = Debug|Any CPU
		{0F10D392-1FF8-46AA-BB2C-964BFDB21EE5}.Debug|x86.ActiveCfg = Debug|Any CPU
		{0F10D392-1FF8-46AA-BB2C-964BFDB21EE5}.Debug|x86.Build.0 = Debug|Any CPU
		{0F10D392-1FF8-46AA-BB2C-964BFDB21EE5}.Release|Any CPU.ActiveCfg = Release|Any CPU
		{0F10D392-1FF8-46AA-BB2C-964BFDB21EE5}.Release|Any CPU.Build.0 = Release|Any CPU
		{0F10D392-1FF8-46AA-BB2C-964BFDB21EE5}.Release|x86.ActiveCfg = Release|Any CPU
		{0F10D392-1FF8-46AA-BB2C-964BFDB21EE5}.Release|x86.Build.0 = Release|Any CPU
		{891CACF0-BFFC-418E-A48F-381DC8BB9EC9}.Debug|Any CPU.ActiveCfg = Debug|Any CPU
		{891CACF0-BFFC-418E-A48F-381DC8BB9EC9}.Debug|Any CPU.Build.0 = Debug|Any CPU
		{891CACF0-BFFC-418E-A48F-381DC8BB9EC9}.Debug|x86.ActiveCfg = Debug|Any CPU
		{891CACF0-BFFC-418E-A48F-381DC8BB9EC9}.Debug|x86.Build.0 = Debug|Any CPU
		{891CACF0-BFFC-418E-A48F-381DC8BB9EC9}.Release|Any CPU.ActiveCfg = Release|Any CPU
		{891CACF0-BFFC-418E-A48F-381DC8BB9EC9}.Release|Any CPU.Build.0 = Release|Any CPU
		{891CACF0-BFFC-418E-A48F-381DC8BB9EC9}.Release|x86.ActiveCfg = Release|Any CPU
		{891CACF0-BFFC-418E-A48F-381DC8BB9EC9}.Release|x86.Build.0 = Release|Any CPU
		{6AEB1ACC-ED96-43FA-865B-9B00E0D55802}.Debug|Any CPU.ActiveCfg = Debug|Any CPU
		{6AEB1ACC-ED96-43FA-865B-9B00E0D55802}.Debug|Any CPU.Build.0 = Debug|Any CPU
		{6AEB1ACC-ED96-43FA-865B-9B00E0D55802}.Debug|x86.ActiveCfg = Debug|Any CPU
		{6AEB1ACC-ED96-43FA-865B-9B00E0D55802}.Debug|x86.Build.0 = Debug|Any CPU
		{6AEB1ACC-ED96-43FA-865B-9B00E0D55802}.Release|Any CPU.ActiveCfg = Release|Any CPU
		{6AEB1ACC-ED96-43FA-865B-9B00E0D55802}.Release|Any CPU.Build.0 = Release|Any CPU
		{6AEB1ACC-ED96-43FA-865B-9B00E0D55802}.Release|x86.ActiveCfg = Release|Any CPU
		{6AEB1ACC-ED96-43FA-865B-9B00E0D55802}.Release|x86.Build.0 = Release|Any CPU
		{671114D7-F15E-4E9E-AED1-46FD5387E3F6}.Debug|Any CPU.ActiveCfg = Debug|Any CPU
		{671114D7-F15E-4E9E-AED1-46FD5387E3F6}.Debug|Any CPU.Build.0 = Debug|Any CPU
		{671114D7-F15E-4E9E-AED1-46FD5387E3F6}.Debug|x86.ActiveCfg = Debug|Any CPU
		{671114D7-F15E-4E9E-AED1-46FD5387E3F6}.Debug|x86.Build.0 = Debug|Any CPU
		{671114D7-F15E-4E9E-AED1-46FD5387E3F6}.Release|Any CPU.ActiveCfg = Release|Any CPU
		{671114D7-F15E-4E9E-AED1-46FD5387E3F6}.Release|Any CPU.Build.0 = Release|Any CPU
		{671114D7-F15E-4E9E-AED1-46FD5387E3F6}.Release|x86.ActiveCfg = Release|Any CPU
		{671114D7-F15E-4E9E-AED1-46FD5387E3F6}.Release|x86.Build.0 = Release|Any CPU
		{3A135DB4-D1FE-4FD1-A2F7-2F4F37269298}.Debug|Any CPU.ActiveCfg = Debug|Any CPU
		{3A135DB4-D1FE-4FD1-A2F7-2F4F37269298}.Debug|Any CPU.Build.0 = Debug|Any CPU
		{3A135DB4-D1FE-4FD1-A2F7-2F4F37269298}.Debug|x86.ActiveCfg = Debug|Any CPU
		{3A135DB4-D1FE-4FD1-A2F7-2F4F37269298}.Debug|x86.Build.0 = Debug|Any CPU
		{3A135DB4-D1FE-4FD1-A2F7-2F4F37269298}.Release|Any CPU.ActiveCfg = Release|Any CPU
		{3A135DB4-D1FE-4FD1-A2F7-2F4F37269298}.Release|Any CPU.Build.0 = Release|Any CPU
		{3A135DB4-D1FE-4FD1-A2F7-2F4F37269298}.Release|x86.ActiveCfg = Release|Any CPU
		{3A135DB4-D1FE-4FD1-A2F7-2F4F37269298}.Release|x86.Build.0 = Release|Any CPU
		{638B0EDB-C2CA-4ACA-B4FB-FEBD55C1B073}.Debug|Any CPU.ActiveCfg = Debug|Any CPU
		{638B0EDB-C2CA-4ACA-B4FB-FEBD55C1B073}.Debug|Any CPU.Build.0 = Debug|Any CPU
		{638B0EDB-C2CA-4ACA-B4FB-FEBD55C1B073}.Debug|x86.ActiveCfg = Debug|Any CPU
		{638B0EDB-C2CA-4ACA-B4FB-FEBD55C1B073}.Debug|x86.Build.0 = Debug|Any CPU
		{638B0EDB-C2CA-4ACA-B4FB-FEBD55C1B073}.Release|Any CPU.ActiveCfg = Release|Any CPU
		{638B0EDB-C2CA-4ACA-B4FB-FEBD55C1B073}.Release|Any CPU.Build.0 = Release|Any CPU
		{638B0EDB-C2CA-4ACA-B4FB-FEBD55C1B073}.Release|x86.ActiveCfg = Release|Any CPU
		{638B0EDB-C2CA-4ACA-B4FB-FEBD55C1B073}.Release|x86.Build.0 = Release|Any CPU
		{E6FA78A2-BDA4-4190-BDCC-1D328C020F2C}.Debug|Any CPU.ActiveCfg = Debug|Any CPU
		{E6FA78A2-BDA4-4190-BDCC-1D328C020F2C}.Debug|Any CPU.Build.0 = Debug|Any CPU
		{E6FA78A2-BDA4-4190-BDCC-1D328C020F2C}.Debug|x86.ActiveCfg = Debug|Any CPU
		{E6FA78A2-BDA4-4190-BDCC-1D328C020F2C}.Debug|x86.Build.0 = Debug|Any CPU
		{E6FA78A2-BDA4-4190-BDCC-1D328C020F2C}.Release|Any CPU.ActiveCfg = Release|Any CPU
		{E6FA78A2-BDA4-4190-BDCC-1D328C020F2C}.Release|Any CPU.Build.0 = Release|Any CPU
		{E6FA78A2-BDA4-4190-BDCC-1D328C020F2C}.Release|x86.ActiveCfg = Release|Any CPU
		{E6FA78A2-BDA4-4190-BDCC-1D328C020F2C}.Release|x86.Build.0 = Release|Any CPU
		{0CCD3098-28FE-4B8E-BA00-C178DA3322F3}.Debug|Any CPU.ActiveCfg = Debug|Any CPU
		{0CCD3098-28FE-4B8E-BA00-C178DA3322F3}.Debug|Any CPU.Build.0 = Debug|Any CPU
		{0CCD3098-28FE-4B8E-BA00-C178DA3322F3}.Debug|x86.ActiveCfg = Debug|Any CPU
		{0CCD3098-28FE-4B8E-BA00-C178DA3322F3}.Debug|x86.Build.0 = Debug|Any CPU
		{0CCD3098-28FE-4B8E-BA00-C178DA3322F3}.Release|Any CPU.ActiveCfg = Release|Any CPU
		{0CCD3098-28FE-4B8E-BA00-C178DA3322F3}.Release|Any CPU.Build.0 = Release|Any CPU
		{0CCD3098-28FE-4B8E-BA00-C178DA3322F3}.Release|x86.ActiveCfg = Release|Any CPU
		{0CCD3098-28FE-4B8E-BA00-C178DA3322F3}.Release|x86.Build.0 = Release|Any CPU
		{E052D25F-D45B-4CC1-A6E8-673CDB4C9DBA}.Debug|Any CPU.ActiveCfg = Debug|Any CPU
		{E052D25F-D45B-4CC1-A6E8-673CDB4C9DBA}.Debug|Any CPU.Build.0 = Debug|Any CPU
		{E052D25F-D45B-4CC1-A6E8-673CDB4C9DBA}.Debug|x86.ActiveCfg = Debug|Any CPU
		{E052D25F-D45B-4CC1-A6E8-673CDB4C9DBA}.Debug|x86.Build.0 = Debug|Any CPU
		{E052D25F-D45B-4CC1-A6E8-673CDB4C9DBA}.Release|Any CPU.ActiveCfg = Release|Any CPU
		{E052D25F-D45B-4CC1-A6E8-673CDB4C9DBA}.Release|Any CPU.Build.0 = Release|Any CPU
		{E052D25F-D45B-4CC1-A6E8-673CDB4C9DBA}.Release|x86.ActiveCfg = Release|Any CPU
		{E052D25F-D45B-4CC1-A6E8-673CDB4C9DBA}.Release|x86.Build.0 = Release|Any CPU
	EndGlobalSection
	GlobalSection(SolutionProperties) = preSolution
		HideSolutionNode = FALSE
	EndGlobalSection
	GlobalSection(NestedProjects) = preSolution
		{DBE6316F-BB3F-4F8C-93E2-762F88E38EDA} = {35AA056B-5916-4FAB-9AC3-8980073344A1}
		{51665670-2EFC-49CF-8B44-25753657999F} = {35AA056B-5916-4FAB-9AC3-8980073344A1}
		{78EDAFEE-8406-415F-92AA-C56E7AC393AE} = {5BF25E21-75F2-48BB-8E34-C1ED2B7D69FA}
		{144C492B-E3F9-40FF-BCE4-19BDCC7A50D2} = {35AA056B-5916-4FAB-9AC3-8980073344A1}
		{AB730D68-DD2F-42DC-A00B-9C21CCAF3A44} = {35AA056B-5916-4FAB-9AC3-8980073344A1}
		{3E8B44DE-E327-43CA-90D0-78E8713D5050} = {35AA056B-5916-4FAB-9AC3-8980073344A1}
		{1B6306B2-48B6-452C-B0CA-3355324B81C6} = {1FC15472-395B-460A-AE68-B4755A9F0593}
		{34094C98-3F86-4D4C-BB02-79122F2292C8} = {1FC15472-395B-460A-AE68-B4755A9F0593}
		{C5FE2BC2-B730-4D75-83FB-8349EB69C2D2} = {1FC15472-395B-460A-AE68-B4755A9F0593}
		{52747E00-7ECA-4959-B79E-1A7B5B732760} = {1B6306B2-48B6-452C-B0CA-3355324B81C6}
		{90DBE372-2216-4869-BBBC-AAD8EDADC859} = {5BF25E21-75F2-48BB-8E34-C1ED2B7D69FA}
		{4FFEA626-A3F1-4F24-9179-876513ECDE8B} = {35AA056B-5916-4FAB-9AC3-8980073344A1}
		{3B17B400-CCBD-4C21-980A-7FA36FFA7F28} = {35AA056B-5916-4FAB-9AC3-8980073344A1}
		{672311F6-B129-466E-A636-0B46B9B8A875} = {1FC15472-395B-460A-AE68-B4755A9F0593}
		{ACC6E2C0-2CA9-4553-A6E5-7EA06C01F0B4} = {1FC15472-395B-460A-AE68-B4755A9F0593}
		{0B8B9934-3D55-4C33-A5F2-6ED30CF555B6} = {1FC15472-395B-460A-AE68-B4755A9F0593}
		{FAAB5E4D-27AC-4D45-BAD6-901329DC6550} = {1FC15472-395B-460A-AE68-B4755A9F0593}
		{A7774EFF-E5D9-438D-8C30-AF41B6CE1AD7} = {1FC15472-395B-460A-AE68-B4755A9F0593}
		{0F10D392-1FF8-46AA-BB2C-964BFDB21EE5} = {1FC15472-395B-460A-AE68-B4755A9F0593}
		{891CACF0-BFFC-418E-A48F-381DC8BB9EC9} = {5BF25E21-75F2-48BB-8E34-C1ED2B7D69FA}
		{1FC15472-395B-460A-AE68-B4755A9F0593} = {A2C2065D-5196-444C-AB02-6542228C96AE}
		{E91AE96F-B15B-41F8-9D86-4DC0B00907C4} = {A2C2065D-5196-444C-AB02-6542228C96AE}
		{E6FA78A2-BDA4-4190-BDCC-1D328C020F2C} = {E91AE96F-B15B-41F8-9D86-4DC0B00907C4}
		{E052D25F-D45B-4CC1-A6E8-673CDB4C9DBA} = {1B6306B2-48B6-452C-B0CA-3355324B81C6}
	EndGlobalSection
	GlobalSection(ExtensibilityGlobals) = postSolution
		SolutionGuid = {D02E086C-DCEE-44BC-B038-1FB0D2C17BC6}
	EndGlobalSection
EndGlobal
